
Microsoft Visual Studio Solution File, Format Version 12.00
# Visual Studio Version 17
VisualStudioVersion = 17.11.35312.102
MinimumVisualStudioVersion = 10.0.40219.1
Project("{FAE04EC0-301F-11D3-BF4B-00C04F79EFBC}") = "SfirleaAndreiBogdanLab7", "SfirleaAndreiBogdanLab7.csproj", "{229456FC-87AD-4A9A-82B9-03D01291AEA4}"
EndProject
Global
	GlobalSection(SolutionConfigurationPlatforms) = preSolution
		Debug|Any CPU = Debug|Any CPU
		Release|Any CPU = Release|Any CPU
	EndGlobalSection
	GlobalSection(ProjectConfigurationPlatforms) = postSolution
		{229456FC-87AD-4A9A-82B9-03D01291AEA4}.Debug|Any CPU.ActiveCfg = Debug|Any CPU
		{229456FC-87AD-4A9A-82B9-03D01291AEA4}.Debug|Any CPU.Build.0 = Debug|Any CPU
		{229456FC-87AD-4A9A-82B9-03D01291AEA4}.Debug|Any CPU.Deploy.0 = Debug|Any CPU
		{229456FC-87AD-4A9A-82B9-03D01291AEA4}.Release|Any CPU.ActiveCfg = Release|Any CPU
		{229456FC-87AD-4A9A-82B9-03D01291AEA4}.Release|Any CPU.Build.0 = Release|Any CPU
		{229456FC-87AD-4A9A-82B9-03D01291AEA4}.Release|Any CPU.Deploy.0 = Release|Any CPU
	EndGlobalSection
	GlobalSection(SolutionProperties) = preSolution
		HideSolutionNode = FALSE
	EndGlobalSection
	GlobalSection(ExtensibilityGlobals) = postSolution
		SolutionGuid = {A962E29A-6E1B-4394-B465-35B7BCCB14C7}
	EndGlobalSection
EndGlobal
